
Microsoft Visual Studio Solution File, Format Version 12.00
# Visual Studio Version 17
VisualStudioVersion = 17.8.34316.72
MinimumVisualStudioVersion = 10.0.40219.1
Project("{FAE04EC0-301F-11D3-BF4B-00C04F79EFBC}") = "DigitalWatch", "DigitalWatch\DigitalWatch.csproj", "{B9805DEC-53A1-4A81-A986-8E176E06AEFC}"
EndProject
Global
	GlobalSection(SolutionConfigurationPlatforms) = preSolution
		Debug|Any CPU = Debug|Any CPU
		Release|Any CPU = Release|Any CPU
	EndGlobalSection
	GlobalSection(ProjectConfigurationPlatforms) = postSolution
		{B9805DEC-53A1-4A81-A986-8E176E06AEFC}.Debug|Any CPU.ActiveCfg = Debug|Any CPU
		{B9805DEC-53A1-4A81-A986-8E176E06AEFC}.Debug|Any CPU.Build.0 = Debug|Any CPU
		{B9805DEC-53A1-4A81-A986-8E176E06AEFC}.Release|Any CPU.ActiveCfg = Release|Any CPU
		{B9805DEC-53A1-4A81-A986-8E176E06AEFC}.Release|Any CPU.Build.0 = Release|Any CPU
	EndGlobalSection
	GlobalSection(SolutionProperties) = preSolution
		HideSolutionNode = FALSE
	EndGlobalSection
	GlobalSection(ExtensibilityGlobals) = postSolution
		SolutionGuid = {39905E74-47E1-47B0-B6E9-9AB753D9C4D0}
	EndGlobalSection
EndGlobal
